{
  "name": "roleunion",
  "version": "0.3.0",
  "lockfileVersion": 3,
  "requires": true,
  "packages": {
    "": {
      "name": "roleunion",
      "version": "0.3.0",
      "workspaces": [
        "apps/*",
        "packages/*"
      ]
    },
    "apps/server": {
      "name": "@roleunion/server",
      "version": "0.1.0"
    },
    "apps/studio": {
      "name": "@roleunion/studio",
      "version": "0.1.0"
    },
    "node_modules/@roleunion/core": {
      "resolved": "packages/core",
      "link": true
    },
    "node_modules/@roleunion/examples": {
      "resolved": "packages/examples",
      "link": true
    },
    "node_modules/@roleunion/exporter": {
      "resolved": "packages/exporter",
      "link": true
    },
    "node_modules/@roleunion/generators": {
      "resolved": "packages/generators",
      "link": true
    },
    "node_modules/@roleunion/rules": {
      "resolved": "packages/rules",
      "link": true
    },
    "node_modules/@roleunion/schema": {
      "resolved": "packages/schema",
      "link": true
    },
    "node_modules/@roleunion/server": {
      "resolved": "apps/server",
      "link": true
    },
    "node_modules/@roleunion/storage": {
      "resolved": "packages/storage",
      "link": true
    },
    "node_modules/@roleunion/studio": {
      "resolved": "apps/studio",
      "link": true
    },
    "packages/core": {
      "name": "@roleunion/core",
      "version": "0.1.0"
    },
    "packages/examples": {
      "name": "@roleunion/examples",
      "version": "0.1.0"
    },
    "packages/exporter": {
      "name": "@roleunion/exporter",
      "version": "0.1.0"
    },
    "packages/generators": {
      "name": "@roleunion/generators",
      "version": "0.1.0"
    },
    "packages/rules": {
      "name": "@roleunion/rules",
      "version": "0.1.0"
    },
    "packages/schema": {
      "name": "@roleunion/schema",
      "version": "0.1.0"
    },
    "packages/storage": {
      "name": "@roleunion/storage",
      "version": "0.1.0"
    }
  }
}
